
Microsoft Visual Studio Solution File, Format Version 12.00
# Visual Studio Version 17
VisualStudioVersion = 17.3.32804.467
MinimumVisualStudioVersion = 10.0.40219.1
Project("{888888A0-9F3D-457C-B088-3A5042F75D52}") = "ds_stacks_python", "ds_stacks_python\ds_stacks_python.pyproj", "{1E224F6A-0BD7-4B64-B2D9-4FFB7304E60B}"
EndProject
Global
	GlobalSection(SolutionConfigurationPlatforms) = preSolution
		Debug|Any CPU = Debug|Any CPU
		Release|Any CPU = Release|Any CPU
	EndGlobalSection
	GlobalSection(ProjectConfigurationPlatforms) = postSolution
		{1E224F6A-0BD7-4B64-B2D9-4FFB7304E60B}.Debug|Any CPU.ActiveCfg = Debug|Any CPU
		{1E224F6A-0BD7-4B64-B2D9-4FFB7304E60B}.Release|Any CPU.ActiveCfg = Release|Any CPU
	EndGlobalSection
	GlobalSection(SolutionProperties) = preSolution
		HideSolutionNode = FALSE
	EndGlobalSection
	GlobalSection(ExtensibilityGlobals) = postSolution
		SolutionGuid = {C00F40CE-F2CD-4BE3-8B49-C6553D4F25FB}
	EndGlobalSection
EndGlobal
